// !$*UTF8*$!
{
	archiveVersion = 1;
	classes = {
	};
	objectVersion = 77;
	objects = {

/* Begin PBXBuildFile section */
		04B577D72F798A7600F931F6 /* FirebaseAuth in Frameworks */ = {isa = PBXBuildFile; productRef = 04B577D62F798A7600F931F6 /* FirebaseAuth */; };
		04B577D92F798A7600F931F6 /* FirebaseCore in Frameworks */ = {isa = PBXBuildFile; productRef = 04B577D82F798A7600F931F6 /* FirebaseCore */; };
		04B577DB2F798A7600F931F6 /* FirebaseDatabase in Frameworks */ = {isa = PBXBuildFile; productRef = 04B577DA2F798A7600F931F6 /* FirebaseDatabase */; };
		04B577DD2F798A7600F931F6 /* FirebaseFirestore in Frameworks */ = {isa = PBXBuildFile; productRef = 04B577DC2F798A7600F931F6 /* FirebaseFirestore */; };
		04B577DF2F798A7600F931F6 /* FirebaseInAppMessaging-Beta in Frameworks */ = {isa = PBXBuildFile; productRef = 04B577DE2F798A7600F931F6 /* FirebaseInAppMessaging-Beta */; };
		04B577E12F798A7600F931F6 /* FirebaseMessaging in Frameworks */ = {isa = PBXBuildFile; productRef = 04B577E02F798A7600F931F6 /* FirebaseMessaging */; };
		04B577E32F798A7600F931F6 /* FirebaseStorage in Frameworks */ = {isa = PBXBuildFile; productRef = 04B577E22F798A7600F931F6 /* FirebaseStorage */; };
/* End PBXBuildFile section */

/* Begin PBXContainerItemProxy section */
		04B577B92F7988D900F931F6 /* PBXContainerItemProxy */ = {
			isa = PBXContainerItemProxy;
			containerPortal = 04B577A32F7988D700F931F6 /* Project object */;
			proxyType = 1;
			remoteGlobalIDString = 04B577AA2F7988D700F931F6;
			remoteInfo = SmartNest;
		};
		04B577C32F7988D900F931F6 /* PBXContainerItemProxy */ = {
			isa = PBXContainerItemProxy;
			containerPortal = 04B577A32F7988D700F931F6 /* Project object */;
			proxyType = 1;
			remoteGlobalIDString = 04B577AA2F7988D700F931F6;
			remoteInfo = SmartNest;
		};
/* End PBXContainerItemProxy section */

/* Begin PBXFileReference section */
		04B577AB2F7988D700F931F6 /* SmartNest.app */ = {isa = PBXFileReference; explicitFileType = wrapper.application; includeInIndex = 0; path = SmartNest.app; sourceTree = BUILT_PRODUCTS_DIR; };
		04B577B82F7988D900F931F6 /* SmartNestTests.xctest */ = {isa = PBXFileReference; explicitFileType = wrapper.cfbundle; includeInIndex = 0; path = SmartNestTests.xctest; sourceTree = BUILT_PRODUCTS_DIR; };
		04B577C22F7988D900F931F6 /* SmartNestUITests.xctest */ = {isa = PBXFileReference; explicitFileType = wrapper.cfbundle; includeInIndex = 0; path = SmartNestUITests.xctest; sourceTree = BUILT_PRODUCTS_DIR; };
/* End PBXFileReference section */

/* Begin PBXFileSystemSynchronizedRootGroup section */
		04B577AD2F7988D700F931F6 /* SmartNest */ = {
			isa = PBXFileSystemSynchronizedRootGroup;
			path = SmartNest;
			sourceTree = "<group>";
		};
		04B577BB2F7988D900F931F6 /* SmartNestTests */ = {
			isa = PBXFileSystemSynchronizedRootGroup;
			path = SmartNestTests;
			sourceTree = "<group>";
		};
		04B577C52F7988D900F931F6 /* SmartNestUITests */ = {
			isa = PBXFileSystemSynchronizedRootGroup;
			path = SmartNestUITests;
			sourceTree = "<group>";
		};
/* End PBXFileSystemSynchronizedRootGroup section */

/* Begin PBXFrameworksBuildPhase section */
		04B577A82F7988D700F931F6 /* Frameworks */ = {
			isa = PBXFrameworksBuildPhase;
			buildActionMask = 2147483647;
			files = (
				04B577E12F798A7600F931F6 /* FirebaseMessaging in Frameworks */,
				04B577DB2F798A7600F931F6 /* FirebaseDatabase in Frameworks */,
				04B577DD2F798A7600F931F6 /* FirebaseFirestore in Frameworks */,
				04B577D92F798A7600F931F6 /* FirebaseCore in Frameworks */,
				04B577E32F798A7600F931F6 /* FirebaseStorage in Frameworks */,
				04B577D72F798A7600F931F6 /* FirebaseAuth in Frameworks */,
				04B577DF2F798A7600F931F6 /* FirebaseInAppMessaging-Beta in Frameworks */,
			);
			runOnlyForDeploymentPostprocessing = 0;
		};
		04B577B52F7988D900F931F6 /* Frameworks */ = {
			isa = PBXFrameworksBuildPhase;
			buildActionMask = 2147483647;
			files = (
			);
			runOnlyForDeploymentPostprocessing = 0;
		};
		04B577BF2F7988D900F931F6 /* Frameworks */ = {
			isa = PBXFrameworksBuildPhase;
			buildActionMask = 2147483647;
			files = (
			);
			runOnlyForDeploymentPostprocessing = 0;
		};
/* End PBXFrameworksBuildPhase section */

/* Begin PBXGroup section */
		04B577A22F7988D700F931F6 = {
			isa = PBXGroup;
			children = (
				04B577AD2F7988D700F931F6 /* SmartNest */,
				04B577BB2F7988D900F931F6 /* SmartNestTests */,
				04B577C52F7988D900F931F6 /* SmartNestUITests */,
				04B577AC2F7988D700F931F6 /* Products */,
			);
			sourceTree = "<group>";
		};
		04B577AC2F7988D700F931F6 /* Products */ = {
			isa = PBXGroup;
			children = (
				04B577AB2F7988D700F931F6 /* SmartNest.app */,
				04B577B82F7988D900F931F6 /* SmartNestTests.xctest */,
				04B577C22F7988D900F931F6 /* SmartNestUITests.xctest */,
			);
			name = Products;
			sourceTree = "<group>";
		};
/* End PBXGroup section */

/* Begin PBXNativeTarget section */
		04B577AA2F7988D700F931F6 /* SmartNest */ = {
			isa = PBXNativeTarget;
			buildConfigurationList = 04B577CC2F7988D900F931F6 /* Build configuration list for PBXNativeTarget "SmartNest" */;
			buildPhases = (
				04B577A72F7988D700F931F6 /* Sources */,
				04B577A82F7988D700F931F6 /* Frameworks */,
				04B577A92F7988D700F931F6 /* Resources */,
			);
			buildRules = (
			);
			dependencies = (
			);
			fileSystemSynchronizedGroups = (
				04B577AD2F7988D700F931F6 /* SmartNest */,
			);
			name = SmartNest;
			packageProductDependencies = (
				04B577D62F798A7600F931F6 /* FirebaseAuth */,
				04B577D82F798A7600F931F6 /* FirebaseCore */,
				04B577DA2F798A7600F931F6 /* FirebaseDatabase */,
				04B577DC2F798A7600F931F6 /* FirebaseFirestore */,
				04B577DE2F798A7600F931F6 /* FirebaseInAppMessaging-Beta */,
				04B577E02F798A7600F931F6 /* FirebaseMessaging */,
				04B577E22F798A7600F931F6 /* FirebaseStorage */,
			);
			productName = SmartNest;
			productReference = 04B577AB2F7988D700F931F6 /* SmartNest.app */;
			productType = "com.apple.product-type.application";
		};
		04B577B72F7988D900F931F6 /* SmartNestTests */ = {
			isa = PBXNativeTarget;
			buildConfigurationList = 04B577CF2F7988D900F931F6 /* Build configuration list for PBXNativeTarget "SmartNestTests" */;
			buildPhases = (
				04B577B42F7988D900F931F6 /* Sources */,
				04B577B52F7988D900F931F6 /* Frameworks */,
				04B577B62F7988D900F931F6 /* Resources */,
			);
			buildRules = (
			);
			dependencies = (
				04B577BA2F7988D900F931F6 /* PBXTargetDependency */,
			);
			fileSystemSynchronizedGroups = (
				04B577BB2F7988D900F931F6 /* SmartNestTests */,
			);
			name = SmartNestTests;
			packageProductDependencies = (
			);
			productName = SmartNestTests;
			productReference = 04B577B82F7988D900F931F6 /* SmartNestTests.xctest */;
			productType = "com.apple.product-type.bundle.unit-test";
		};
		04B577C12F7988D900F931F6 /* SmartNestUITests */ = {
			isa = PBXNativeTarget;
			buildConfigurationList = 04B577D22F7988D900F931F6 /* Build configuration list for PBXNativeTarget "SmartNestUITests" */;
			buildPhases = (
				04B577BE2F7988D900F931F6 /* Sources */,
				04B577BF2F7988D900F931F6 /* Frameworks */,
				04B577C02F7988D900F931F6 /* Resources */,
			);
			buildRules = (
			);
			dependencies = (
				04B577C42F7988D900F931F6 /* PBXTargetDependency */,
			);
			fileSystemSynchronizedGroups = (
				04B577C52F7988D900F931F6 /* SmartNestUITests */,
			);
			name = SmartNestUITests;
			packageProductDependencies = (
			);
			productName = SmartNestUITests;
			productReference = 04B577C22F7988D900F931F6 /* SmartNestUITests.xctest */;
			productType = "com.apple.product-type.bundle.ui-testing";
		};
/* End PBXNativeTarget section */

/* Begin PBXProject section */
		04B577A32F7988D700F931F6 /* Project object */ = {
			isa = PBXProject;
			attributes = {
				BuildIndependentTargetsInParallel = 1;
				LastSwiftUpdateCheck = 2640;
				LastUpgradeCheck = 2640;
				TargetAttributes = {
					04B577AA2F7988D700F931F6 = {
						CreatedOnToolsVersion = 26.4;
					};
					04B577B72F7988D900F931F6 = {
						CreatedOnToolsVersion = 26.4;
						TestTargetID = 04B577AA2F7988D700F931F6;
					};
					04B577C12F7988D900F931F6 = {
						CreatedOnToolsVersion = 26.4;
						TestTargetID = 04B577AA2F7988D700F931F6;
					};
				};
			};
			buildConfigurationList = 04B577A62F7988D700F931F6 /* Build configuration list for PBXProject "SmartNest" */;
			developmentRegion = en;
			hasScannedForEncodings = 0;
			knownRegions = (
				en,
				Base,
			);
			mainGroup = 04B577A22F7988D700F931F6;
			minimizedProjectReferenceProxies = 1;
			packageReferences = (
				04B577D52F798A7600F931F6 /* XCRemoteSwiftPackageReference "firebase-ios-sdk" */,
			);
			preferredProjectObjectVersion = 77;
			productRefGroup = 04B577AC2F7988D700F931F6 /* Products */;
			projectDirPath = "";
			projectRoot = "";
			targets = (
				04B577AA2F7988D700F931F6 /* SmartNest */,
				04B577B72F7988D900F931F6 /* SmartNestTests */,
				04B577C12F7988D900F931F6 /* SmartNestUITests */,
			);
		};
/* End PBXProject section */

/* Begin PBXResourcesBuildPhase section */
		04B577A92F7988D700F931F6 /* Resources */ = {
			isa = PBXResourcesBuildPhase;
			buildActionMask = 2147483647;
			files = (
			);
			runOnlyForDeploymentPostprocessing = 0;
		};
		04B577B62F7988D900F931F6 /* Resources */ = {
			isa = PBXResourcesBuildPhase;
			buildActionMask = 2147483647;
			files = (
			);
			runOnlyForDeploymentPostprocessing = 0;
		};
		04B577C02F7988D900F931F6 /* Resources */ = {
			isa = PBXResourcesBuildPhase;
			buildActionMask = 2147483647;
			files = (
			);
			runOnlyForDeploymentPostprocessing = 0;
		};
/* End PBXResourcesBuildPhase section */

/* Begin PBXSourcesBuildPhase section */
		04B577A72F7988D700F931F6 /* Sources */ = {
			isa = PBXSourcesBuildPhase;
			buildActionMask = 2147483647;
			files = (
			);
			runOnlyForDeploymentPostprocessing = 0;
		};
		04B577B42F7988D900F931F6 /* Sources */ = {
			isa = PBXSourcesBuildPhase;
			buildActionMask = 2147483647;
			files = (
			);
			runOnlyForDeploymentPostprocessing = 0;
		};
		04B577BE2F7988D900F931F6 /* Sources */ = {
			isa = PBXSourcesBuildPhase;
			buildActionMask = 2147483647;
			files = (
			);
			runOnlyForDeploymentPostprocessing = 0;
		};
/* End PBXSourcesBuildPhase section */

/* Begin PBXTargetDependency section */
		04B577BA2F7988D900F931F6 /* PBXTargetDependency */ = {
			isa = PBXTargetDependency;
			target = 04B577AA2F7988D700F931F6 /* SmartNest */;
			targetProxy = 04B577B92F7988D900F931F6 /* PBXContainerItemProxy */;
		};
		04B577C42F7988D900F931F6 /* PBXTargetDependency */ = {
			isa = PBXTargetDependency;
			target = 04B577AA2F7988D700F931F6 /* SmartNest */;
			targetProxy = 04B577C32F7988D900F931F6 /* PBXContainerItemProxy */;
		};
/* End PBXTargetDependency section */

/* Begin XCBuildConfiguration section */
		04B577CA2F7988D900F931F6 /* Debug */ = {
			isa = XCBuildConfiguration;
			buildSettings = {
				ALWAYS_SEARCH_USER_PATHS = NO;
				ASSETCATALOG_COMPILER_GENERATE_SWIFT_ASSET_SYMBOL_EXTENSIONS = YES;
				CLANG_ANALYZER_NONNULL = YES;
				CLANG_ANALYZER_NUMBER_OBJECT_CONVERSION = YES_AGGRESSIVE;
				CLANG_CXX_LANGUAGE_STANDARD = "gnu++20";
				CLANG_ENABLE_MODULES = YES;
				CLANG_ENABLE_OBJC_ARC = YES;
				CLANG_ENABLE_OBJC_WEAK = YES;
				CLANG_WARN_BLOCK_CAPTURE_AUTORELEASING = YES;
				CLANG_WARN_BOOL_CONVERSION = YES;
				CLANG_WARN_COMMA = YES;
				CLANG_WARN_CONSTANT_CONVERSION = YES;
				CLANG_WARN_DEPRECATED_OBJC_IMPLEMENTATIONS = YES;
				CLANG_WARN_DIRECT_OBJC_ISA_USAGE = YES_ERROR;
				CLANG_WARN_DOCUMENTATION_COMMENTS = YES;
				CLANG_WARN_EMPTY_BODY = YES;
				CLANG_WARN_ENUM_CONVERSION = YES;
				CLANG_WARN_INFINITE_RECURSION = YES;
				CLANG_WARN_INT_CONVERSION = YES;
				CLANG_WARN_NON_LITERAL_NULL_CONVERSION = YES;
				CLANG_WARN_OBJC_IMPLICIT_RETAIN_SELF = YES;
				CLANG_WARN_OBJC_LITERAL_CONVERSION = YES;
				CLANG_WARN_OBJC_ROOT_CLASS = YES_ERROR;
				CLANG_WARN_QUOTED_INCLUDE_IN_FRAMEWORK_HEADER = YES;
				CLANG_WARN_RANGE_LOOP_ANALYSIS = YES;
				CLANG_WARN_STRICT_PROTOTYPES = YES;
				CLANG_WARN_SUSPICIOUS_MOVE = YES;
				CLANG_WARN_UNGUARDED_AVAILABILITY = YES_AGGRESSIVE;
				CLANG_WARN_UNREACHABLE_CODE = YES;
				CLANG_WARN__DUPLICATE_METHOD_MATCH = YES;
				COPY_PHASE_STRIP = NO;
				DEBUG_INFORMATION_FORMAT = dwarf;
				DEVELOPMENT_TEAM = 96Y6356KPU;
				ENABLE_STRICT_OBJC_MSGSEND = YES;
				ENABLE_TESTABILITY = YES;
				ENABLE_USER_SCRIPT_SANDBOXING = YES;
				GCC_C_LANGUAGE_STANDARD = gnu17;
				GCC_DYNAMIC_NO_PIC = NO;
				GCC_NO_COMMON_BLOCKS = YES;
				GCC_OPTIMIZATION_LEVEL = 0;
				GCC_PREPROCESSOR_DEFINITIONS = (
					"DEBUG=1",
					"$(inherited)",
				);
				GCC_WARN_64_TO_32_BIT_CONVERSION = YES;
				GCC_WARN_ABOUT_RETURN_TYPE = YES_ERROR;
				GCC_WARN_UNDECLARED_SELECTOR = YES;
				GCC_WARN_UNINITIALIZED_AUTOS = YES_AGGRESSIVE;
				GCC_WARN_UNUSED_FUNCTION = YES;
				GCC_WARN_UNUSED_VARIABLE = YES;
				LOCALIZATION_PREFERS_STRING_CATALOGS = YES;
				MTL_ENABLE_DEBUG_INFO = INCLUDE_SOURCE;
				MTL_FAST_MATH = YES;
				ONLY_ACTIVE_ARCH = YES;
				SWIFT_ACTIVE_COMPILATION_CONDITIONS = "DEBUG $(inherited)";
				SWIFT_OPTIMIZATION_LEVEL = "-Onone";
			};
			name = Debug;
		};
		04B577CB2F7988D900F931F6 /* Release */ = {
			isa = XCBuildConfiguration;
			buildSettings = {
				ALWAYS_SEARCH_USER_PATHS = NO;
				ASSETCATALOG_COMPILER_GENERATE_SWIFT_ASSET_SYMBOL_EXTENSIONS = YES;
				CLANG_ANALYZER_NONNULL = YES;
				CLANG_ANALYZER_NUMBER_OBJECT_CONVERSION = YES_AGGRESSIVE;
				CLANG_CXX_LANGUAGE_STANDARD = "gnu++20";
				CLANG_ENABLE_MODULES = YES;
				CLANG_ENABLE_OBJC_ARC = YES;
				CLANG_ENABLE_OBJC_WEAK = YES;
				CLANG_WARN_BLOCK_CAPTURE_AUTORELEASING = YES;
				CLANG_WARN_BOOL_CONVERSION = YES;
				CLANG_WARN_COMMA = YES;
				CLANG_WARN_CONSTANT_CONVERSION = YES;
				CLANG_WARN_DEPRECATED_OBJC_IMPLEMENTATIONS = YES;
				CLANG_WARN_DIRECT_OBJC_ISA_USAGE = YES_ERROR;
				CLANG_WARN_DOCUMENTATION_COMMENTS = YES;
				CLANG_WARN_EMPTY_BODY = YES;
				CLANG_WARN_ENUM_CONVERSION = YES;
				CLANG_WARN_INFINITE_RECURSION = YES;
				CLANG_WARN_INT_CONVERSION = YES;
				CLANG_WARN_NON_LITERAL_NULL_CONVERSION = YES;
				CLANG_WARN_OBJC_IMPLICIT_RETAIN_SELF = YES;
				CLANG_WARN_OBJC_LITERAL_CONVERSION = YES;
				CLANG_WARN_OBJC_ROOT_CLASS = YES_ERROR;
				CLANG_WARN_QUOTED_INCLUDE_IN_FRAMEWORK_HEADER = YES;
				CLANG_WARN_RANGE_LOOP_ANALYSIS = YES;
				CLANG_WARN_STRICT_PROTOTYPES = YES;
				CLANG_WARN_SUSPICIOUS_MOVE = YES;
				CLANG_WARN_UNGUARDED_AVAILABILITY = YES_AGGRESSIVE;
				CLANG_WARN_UNREACHABLE_CODE = YES;
				CLANG_WARN__DUPLICATE_METHOD_MATCH = YES;
				COPY_PHASE_STRIP = NO;
				DEBUG_INFORMATION_FORMAT = "dwarf-with-dsym";
				DEVELOPMENT_TEAM = 96Y6356KPU;
				ENABLE_NS_ASSERTIONS = NO;
				ENABLE_STRICT_OBJC_MSGSEND = YES;
				ENABLE_USER_SCRIPT_SANDBOXING = YES;
				GCC_C_LANGUAGE_STANDARD = gnu17;
				GCC_NO_COMMON_BLOCKS = YES;
				GCC_WARN_64_TO_32_BIT_CONVERSION = YES;
				GCC_WARN_ABOUT_RETURN_TYPE = YES_ERROR;
				GCC_WARN_UNDECLARED_SELECTOR = YES;
				GCC_WARN_UNINITIALIZED_AUTOS = YES_AGGRESSIVE;
				GCC_WARN_UNUSED_FUNCTION = YES;
				GCC_WARN_UNUSED_VARIABLE = YES;
				LOCALIZATION_PREFERS_STRING_CATALOGS = YES;
				MTL_ENABLE_DEBUG_INFO = NO;
				MTL_FAST_MATH = YES;
				SWIFT_COMPILATION_MODE = wholemodule;
			};
			name = Release;
		};
		04B577CD2F7988D900F931F6 /* Debug */ = {
			isa = XCBuildConfiguration;
			buildSettings = {
				ASSETCATALOG_COMPILER_APPICON_NAME = AppIcon;
				ASSETCATALOG_COMPILER_GLOBAL_ACCENT_COLOR_NAME = AccentColor;
				CODE_SIGN_STYLE = Automatic;
				CURRENT_PROJECT_VERSION = 1;
				DEVELOPMENT_TEAM = 96Y6356KPU;
				ENABLE_APP_SANDBOX = YES;
				ENABLE_HARDENED_RUNTIME = YES;
				ENABLE_PREVIEWS = YES;
				ENABLE_USER_SELECTED_FILES = readonly;
				GENERATE_INFOPLIST_FILE = YES;
				"INFOPLIST_KEY_UIApplicationSceneManifest_Generation[sdk=iphoneos*]" = YES;
				"INFOPLIST_KEY_UIApplicationSceneManifest_Generation[sdk=iphonesimulator*]" = YES;
				"INFOPLIST_KEY_UIApplicationSupportsIndirectInputEvents[sdk=iphoneos*]" = YES;
				"INFOPLIST_KEY_UIApplicationSupportsIndirectInputEvents[sdk=iphonesimulator*]" = YES;
				"INFOPLIST_KEY_UILaunchScreen_Generation[sdk=iphoneos*]" = YES;
				"INFOPLIST_KEY_UILaunchScreen_Generation[sdk=iphonesimulator*]" = YES;
				"INFOPLIST_KEY_UIStatusBarStyle[sdk=iphoneos*]" = UIStatusBarStyleDefault;
				"INFOPLIST_KEY_UIStatusBarStyle[sdk=iphonesimulator*]" = UIStatusBarStyleDefault;
				INFOPLIST_KEY_UISupportedInterfaceOrientations_iPad = "UIInterfaceOrientationPortrait UIInterfaceOrientationPortraitUpsideDown UIInterfaceOrientationLandscapeLeft UIInterfaceOrientationLandscapeRight";
				INFOPLIST_KEY_UISupportedInterfaceOrientations_iPhone = "UIInterfaceOrientationPortrait UIInterfaceOrientationLandscapeLeft UIInterfaceOrientationLandscapeRight";
				IPHONEOS_DEPLOYMENT_TARGET = 26.4;
				LD_RUNPATH_SEARCH_PATHS = "@executable_path/Frameworks";
				"LD_RUNPATH_SEARCH_PATHS[sdk=macosx*]" = "@executable_path/../Frameworks";
				MACOSX_DEPLOYMENT_TARGET = 26.3;
				MARKETING_VERSION = 1.0;
				PRODUCT_BUNDLE_IDENTIFIER = com.app.SmartNest;
				PRODUCT_NAME = "$(TARGET_NAME)";
				REGISTER_APP_GROUPS = YES;
				SDKROOT = auto;
				STRING_CATALOG_GENERATE_SYMBOLS = YES;
				SUPPORTED_PLATFORMS = "iphoneos iphonesimulator macosx xros xrsimulator";
				SWIFT_APPROACHABLE_CONCURRENCY = YES;
				SWIFT_DEFAULT_ACTOR_ISOLATION = MainActor;
				SWIFT_EMIT_LOC_STRINGS = YES;
				SWIFT_UPCOMING_FEATURE_MEMBER_IMPORT_VISIBILITY = YES;
				SWIFT_VERSION = 5.0;
				TARGETED_DEVICE_FAMILY = "1,2,7";
				XROS_DEPLOYMENT_TARGET = 26.4;
			};
			name = Debug;
		};
		04B577CE2F7988D900F931F6 /* Release */ = {
			isa = XCBuildConfiguration;
			buildSettings = {
				ASSETCATALOG_COMPILER_APPICON_NAME = AppIcon;
				ASSETCATALOG_COMPILER_GLOBAL_ACCENT_COLOR_NAME = AccentColor;
				CODE_SIGN_STYLE = Automatic;
				CURRENT_PROJECT_VERSION = 1;
				DEVELOPMENT_TEAM = 96Y6356KPU;
				ENABLE_APP_SANDBOX = YES;
				ENABLE_HARDENED_RUNTIME = YES;
				ENABLE_PREVIEWS = YES;
				ENABLE_USER_SELECTED_FILES = readonly;
				GENERATE_INFOPLIST_FILE = YES;
				"INFOPLIST_KEY_UIApplicationSceneManifest_Generation[sdk=iphoneos*]" = YES;
				"INFOPLIST_KEY_UIApplicationSceneManifest_Generation[sdk=iphonesimulator*]" = YES;
				"INFOPLIST_KEY_UIApplicationSupportsIndirectInputEvents[sdk=iphoneos*]" = YES;
				"INFOPLIST_KEY_UIApplicationSupportsIndirectInputEvents[sdk=iphonesimulator*]" = YES;
				"INFOPLIST_KEY_UILaunchScreen_Generation[sdk=iphoneos*]" = YES;
				"INFOPLIST_KEY_UILaunchScreen_Generation[sdk=iphonesimulator*]" = YES;
				"INFOPLIST_KEY_UIStatusBarStyle[sdk=iphoneos*]" = UIStatusBarStyleDefault;
				"INFOPLIST_KEY_UIStatusBarStyle[sdk=iphonesimulator*]" = UIStatusBarStyleDefault;
				INFOPLIST_KEY_UISupportedInterfaceOrientations_iPad = "UIInterfaceOrientationPortrait UIInterfaceOrientationPortraitUpsideDown UIInterfaceOrientationLandscapeLeft UIInterfaceOrientationLandscapeRight";
				INFOPLIST_KEY_UISupportedInterfaceOrientations_iPhone = "UIInterfaceOrientationPortrait UIInterfaceOrientationLandscapeLeft UIInterfaceOrientationLandscapeRight";
				IPHONEOS_DEPLOYMENT_TARGET = 26.4;
				LD_RUNPATH_SEARCH_PATHS = "@executable_path/Frameworks";
				"LD_RUNPATH_SEARCH_PATHS[sdk=macosx*]" = "@executable_path/../Frameworks";
				MACOSX_DEPLOYMENT_TARGET = 26.3;
				MARKETING_VERSION = 1.0;
				PRODUCT_BUNDLE_IDENTIFIER = com.app.SmartNest;
				PRODUCT_NAME = "$(TARGET_NAME)";
				REGISTER_APP_GROUPS = YES;
				SDKROOT = auto;
				STRING_CATALOG_GENERATE_SYMBOLS = YES;
				SUPPORTED_PLATFORMS = "iphoneos iphonesimulator macosx xros xrsimulator";
				SWIFT_APPROACHABLE_CONCURRENCY = YES;
				SWIFT_DEFAULT_ACTOR_ISOLATION = MainActor;
				SWIFT_EMIT_LOC_STRINGS = YES;
				SWIFT_UPCOMING_FEATURE_MEMBER_IMPORT_VISIBILITY = YES;
				SWIFT_VERSION = 5.0;
				TARGETED_DEVICE_FAMILY = "1,2,7";
				XROS_DEPLOYMENT_TARGET = 26.4;
			};
			name = Release;
		};
		04B577D02F7988D900F931F6 /* Debug */ = {
			isa = XCBuildConfiguration;
			buildSettings = {
				BUNDLE_LOADER = "$(TEST_HOST)";
				CODE_SIGN_STYLE = Automatic;
				CURRENT_PROJECT_VERSION = 1;
				DEVELOPMENT_TEAM = 96Y6356KPU;
				GENERATE_INFOPLIST_FILE = YES;
				IPHONEOS_DEPLOYMENT_TARGET = 26.4;
				MACOSX_DEPLOYMENT_TARGET = 26.3;
				MARKETING_VERSION = 1.0;
				PRODUCT_BUNDLE_IDENTIFIER = com.app.SmartNestTests;
				PRODUCT_NAME = "$(TARGET_NAME)";
				SDKROOT = auto;
				STRING_CATALOG_GENERATE_SYMBOLS = NO;
				SUPPORTED_PLATFORMS = "iphoneos iphonesimulator macosx xros xrsimulator";
				SWIFT_APPROACHABLE_CONCURRENCY = YES;
				SWIFT_EMIT_LOC_STRINGS = NO;
				SWIFT_UPCOMING_FEATURE_MEMBER_IMPORT_VISIBILITY = YES;
				SWIFT_VERSION = 5.0;
				TARGETED_DEVICE_FAMILY = "1,2,7";
				TEST_HOST = "$(BUILT_PRODUCTS_DIR)/SmartNest.app/$(BUNDLE_EXECUTABLE_FOLDER_PATH)/SmartNest";
				XROS_DEPLOYMENT_TARGET = 26.4;
			};
			name = Debug;
		};
		04B577D12F7988D900F931F6 /* Release */ = {
			isa = XCBuildConfiguration;
			buildSettings = {
				BUNDLE_LOADER = "$(TEST_HOST)";
				CODE_SIGN_STYLE = Automatic;
				CURRENT_PROJECT_VERSION = 1;
				DEVELOPMENT_TEAM = 96Y6356KPU;
				GENERATE_INFOPLIST_FILE = YES;
				IPHONEOS_DEPLOYMENT_TARGET = 26.4;
				MACOSX_DEPLOYMENT_TARGET = 26.3;
				MARKETING_VERSION = 1.0;
				PRODUCT_BUNDLE_IDENTIFIER = com.app.SmartNestTests;
				PRODUCT_NAME = "$(TARGET_NAME)";
				SDKROOT = auto;
				STRING_CATALOG_GENERATE_SYMBOLS = NO;
				SUPPORTED_PLATFORMS = "iphoneos iphonesimulator macosx xros xrsimulator";
				SWIFT_APPROACHABLE_CONCURRENCY = YES;
				SWIFT_EMIT_LOC_STRINGS = NO;
				SWIFT_UPCOMING_FEATURE_MEMBER_IMPORT_VISIBILITY = YES;
				SWIFT_VERSION = 5.0;
				TARGETED_DEVICE_FAMILY = "1,2,7";
				TEST_HOST = "$(BUILT_PRODUCTS_DIR)/SmartNest.app/$(BUNDLE_EXECUTABLE_FOLDER_PATH)/SmartNest";
				XROS_DEPLOYMENT_TARGET = 26.4;
			};
			name = Release;
		};
		04B577D32F7988D900F931F6 /* Debug */ = {
			isa = XCBuildConfiguration;
			buildSettings = {
				CODE_SIGN_STYLE = Automatic;
				CURRENT_PROJECT_VERSION = 1;
				DEVELOPMENT_TEAM = 96Y6356KPU;
				GENERATE_INFOPLIST_FILE = YES;
				IPHONEOS_DEPLOYMENT_TARGET = 26.4;
				MACOSX_DEPLOYMENT_TARGET = 26.3;
				MARKETING_VERSION = 1.0;
				PRODUCT_BUNDLE_IDENTIFIER = com.app.SmartNestUITests;
				PRODUCT_NAME = "$(TARGET_NAME)";
				SDKROOT = auto;
				STRING_CATALOG_GENERATE_SYMBOLS = NO;
				SUPPORTED_PLATFORMS = "iphoneos iphonesimulator macosx xros xrsimulator";
				SWIFT_APPROACHABLE_CONCURRENCY = YES;
				SWIFT_EMIT_LOC_STRINGS = NO;
				SWIFT_UPCOMING_FEATURE_MEMBER_IMPORT_VISIBILITY = YES;
				SWIFT_VERSION = 5.0;
				TARGETED_DEVICE_FAMILY = "1,2,7";
				TEST_TARGET_NAME = SmartNest;
				XROS_DEPLOYMENT_TARGET = 26.4;
			};
			name = Debug;
		};
		04B577D42F7988D900F931F6 /* Release */ = {
			isa = XCBuildConfiguration;
			buildSettings = {
				CODE_SIGN_STYLE = Automatic;
				CURRENT_PROJECT_VERSION = 1;
				DEVELOPMENT_TEAM = 96Y6356KPU;
				GENERATE_INFOPLIST_FILE = YES;
				IPHONEOS_DEPLOYMENT_TARGET = 26.4;
				MACOSX_DEPLOYMENT_TARGET = 26.3;
				MARKETING_VERSION = 1.0;
				PRODUCT_BUNDLE_IDENTIFIER = com.app.SmartNestUITests;
				PRODUCT_NAME = "$(TARGET_NAME)";
				SDKROOT = auto;
				STRING_CATALOG_GENERATE_SYMBOLS = NO;
				SUPPORTED_PLATFORMS = "iphoneos iphonesimulator macosx xros xrsimulator";
				SWIFT_APPROACHABLE_CONCURRENCY = YES;
				SWIFT_EMIT_LOC_STRINGS = NO;
				SWIFT_UPCOMING_FEATURE_MEMBER_IMPORT_VISIBILITY = YES;
				SWIFT_VERSION = 5.0;
				TARGETED_DEVICE_FAMILY = "1,2,7";
				TEST_TARGET_NAME = SmartNest;
				XROS_DEPLOYMENT_TARGET = 26.4;
			};
			name = Release;
		};
/* End XCBuildConfiguration section */

/* Begin XCConfigurationList section */
		04B577A62F7988D700F931F6 /* Build configuration list for PBXProject "SmartNest" */ = {
			isa = XCConfigurationList;
			buildConfigurations = (
				04B577CA2F7988D900F931F6 /* Debug */,
				04B577CB2F7988D900F931F6 /* Release */,
			);
			defaultConfigurationIsVisible = 0;
			defaultConfigurationName = Release;
		};
		04B577CC2F7988D900F931F6 /* Build configuration list for PBXNativeTarget "SmartNest" */ = {
			isa = XCConfigurationList;
			buildConfigurations = (
				04B577CD2F7988D900F931F6 /* Debug */,
				04B577CE2F7988D900F931F6 /* Release */,
			);
			defaultConfigurationIsVisible = 0;
			defaultConfigurationName = Release;
		};
		04B577CF2F7988D900F931F6 /* Build configuration list for PBXNativeTarget "SmartNestTests" */ = {
			isa = XCConfigurationList;
			buildConfigurations = (
				04B577D02F7988D900F931F6 /* Debug */,
				04B577D12F7988D900F931F6 /* Release */,
			);
			defaultConfigurationIsVisible = 0;
			defaultConfigurationName = Release;
		};
		04B577D22F7988D900F931F6 /* Build configuration list for PBXNativeTarget "SmartNestUITests" */ = {
			isa = XCConfigurationList;
			buildConfigurations = (
				04B577D32F7988D900F931F6 /* Debug */,
				04B577D42F7988D900F931F6 /* Release */,
			);
			defaultConfigurationIsVisible = 0;
			defaultConfigurationName = Release;
		};
/* End XCConfigurationList section */

/* Begin XCRemoteSwiftPackageReference section */
		04B577D52F798A7600F931F6 /* XCRemoteSwiftPackageReference "firebase-ios-sdk" */ = {
			isa = XCRemoteSwiftPackageReference;
			repositoryURL = "https://github.com/firebase/firebase-ios-sdk";
			requirement = {
				kind = upToNextMajorVersion;
				minimumVersion = 12.11.0;
			};
		};
/* End XCRemoteSwiftPackageReference section */

/* Begin XCSwiftPackageProductDependency section */
		04B577D62F798A7600F931F6 /* FirebaseAuth */ = {
			isa = XCSwiftPackageProductDependency;
			package = 04B577D52F798A7600F931F6 /* XCRemoteSwiftPackageReference "firebase-ios-sdk" */;
			productName = FirebaseAuth;
		};
		04B577D82F798A7600F931F6 /* FirebaseCore */ = {
			isa = XCSwiftPackageProductDependency;
			package = 04B577D52F798A7600F931F6 /* XCRemoteSwiftPackageReference "firebase-ios-sdk" */;
			productName = FirebaseCore;
		};
		04B577DA2F798A7600F931F6 /* FirebaseDatabase */ = {
			isa = XCSwiftPackageProductDependency;
			package = 04B577D52F798A7600F931F6 /* XCRemoteSwiftPackageReference "firebase-ios-sdk" */;
			productName = FirebaseDatabase;
		};
		04B577DC2F798A7600F931F6 /* FirebaseFirestore */ = {
			isa = XCSwiftPackageProductDependency;
			package = 04B577D52F798A7600F931F6 /* XCRemoteSwiftPackageReference "firebase-ios-sdk" */;
			productName = FirebaseFirestore;
		};
		04B577DE2F798A7600F931F6 /* FirebaseInAppMessaging-Beta */ = {
			isa = XCSwiftPackageProductDependency;
			package = 04B577D52F798A7600F931F6 /* XCRemoteSwiftPackageReference "firebase-ios-sdk" */;
			productName = "FirebaseInAppMessaging-Beta";
		};
		04B577E02F798A7600F931F6 /* FirebaseMessaging */ = {
			isa = XCSwiftPackageProductDependency;
			package = 04B577D52F798A7600F931F6 /* XCRemoteSwiftPackageReference "firebase-ios-sdk" */;
			productName = FirebaseMessaging;
		};
		04B577E22F798A7600F931F6 /* FirebaseStorage */ = {
			isa = XCSwiftPackageProductDependency;
			package = 04B577D52F798A7600F931F6 /* XCRemoteSwiftPackageReference "firebase-ios-sdk" */;
			productName = FirebaseStorage;
		};
/* End XCSwiftPackageProductDependency section */
	};
	rootObject = 04B577A32F7988D700F931F6 /* Project object */;
}
